{
  "name": "Andrian",
  "lockfileVersion": 2,
  "requires": true,
  "packages": {
    "": {
      "dependencies": {
        "three": "^0.138.3",
        "tree": "^0.1.3"
      }
    },
    "node_modules/three": {
      "version": "0.138.3",
      "resolved": "https://registry.npmjs.org/three/-/three-0.138.3.tgz",
      "integrity": "sha512-4t1cKC8gimNyJChJbaklg8W/qj3PpsLJUIFm5LIuAy/hVxxNm1ru2FGTSfbTSsuHmC/7ipsyuGKqrSAKLNtkzg=="
    },
    "node_modules/tree": {
      "version": "0.1.3",
      "resolved": "https://registry.npmjs.org/tree/-/tree-0.1.3.tgz",
      "integrity": "sha1-FPulc9eFMAnEzO9E90CfrHFik48=",
      "dependencies": {
        "underscore": ""
      }
    },
    "node_modules/underscore": {
      "version": "1.13.2",
      "resolved": "https://registry.npmjs.org/underscore/-/underscore-1.13.2.tgz",
      "integrity": "sha512-ekY1NhRzq0B08g4bGuX4wd2jZx5GnKz6mKSqFL4nqBlfyMGiG10gDFhDTMEfYmDL6Jy0FUIZp7wiRB+0BP7J2g=="
    }
  },
  "dependencies": {
    "three": {
      "version": "0.138.3",
      "resolved": "https://registry.npmjs.org/three/-/three-0.138.3.tgz",
      "integrity": "sha512-4t1cKC8gimNyJChJbaklg8W/qj3PpsLJUIFm5LIuAy/hVxxNm1ru2FGTSfbTSsuHmC/7ipsyuGKqrSAKLNtkzg=="
    },
    "tree": {
      "version": "0.1.3",
      "resolved": "https://registry.npmjs.org/tree/-/tree-0.1.3.tgz",
      "integrity": "sha1-FPulc9eFMAnEzO9E90CfrHFik48=",
      "requires": {
        "underscore": ""
      }
    },
    "underscore": {
      "version": "1.13.2",
      "resolved": "https://registry.npmjs.org/underscore/-/underscore-1.13.2.tgz",
      "integrity": "sha512-ekY1NhRzq0B08g4bGuX4wd2jZx5GnKz6mKSqFL4nqBlfyMGiG10gDFhDTMEfYmDL6Jy0FUIZp7wiRB+0BP7J2g=="
    }
  }
}
